version = 1
revision = 3
requires-python = ">=3.13"

[[package]]
name = "fpdf"
version = "1.7.2"
source = { registry = "https://pypi.org/simple" }
sdist = { url = "https://files.pythonhosted.org/packages/37/c6/608a9e6c172bf9124aa687ec8b9f0e8e5d697d59a5f4fad0e2d5ec2a7556/fpdf-1.7.2.tar.gz", hash = "sha256:125840783289e7d12552b1e86ab692c37322e7a65b96a99e0ea86cca041b6779", size = 39504, upload-time = "2015-01-21T00:07:47.493Z" }

[[package]]
name = "voices"
version = "0.1.0"
source = { virtual = "." }
dependencies = [
    { name = "fpdf" },
]

[package.metadata]
requires-dist = [{ name = "fpdf", specifier = ">=1.7.2" }]
